// !$*UTF8*$!
{
	archiveVersion = 1;
	classes = {
	};
	objectVersion = 50;
	objects = {

/* Begin PBXBuildFile section */
		02D7440422A7660500F3396F /* AppDelegate.swift in Sources */ = {isa = PBXBuildFile; fileRef = 02D7440322A7660500F3396F /* AppDelegate.swift */; };
		02D7440622A7660500F3396F /* LoginViewController.swift in Sources */ = {isa = PBXBuildFile; fileRef = 02D7440522A7660500F3396F /* LoginViewController.swift */; };
		02D7440922A7660500F3396F /* Main.storyboard in Resources */ = {isa = PBXBuildFile; fileRef = 02D7440722A7660500F3396F /* Main.storyboard */; };
		02D7440B22A7660600F3396F /* Assets.xcassets in Resources */ = {isa = PBXBuildFile; fileRef = 02D7440A22A7660600F3396F /* Assets.xcassets */; };
		02D7440E22A7660600F3396F /* LaunchScreen.storyboard in Resources */ = {isa = PBXBuildFile; fileRef = 02D7440C22A7660600F3396F /* LaunchScreen.storyboard */; };
		02D7441622A7A29200F3396F /* AuthID.swift in Sources */ = {isa = PBXBuildFile; fileRef = 02D7441522A7A29200F3396F /* AuthID.swift */; };
		02D7442322A7C3FA00F3396F /* RSAHandler.swift in Sources */ = {isa = PBXBuildFile; fileRef = 02D7442222A7C3FA00F3396F /* RSAHandler.swift */; };
		02D7442522A7C85000F3396F /* LocationCacheManage.swift in Sources */ = {isa = PBXBuildFile; fileRef = 02D7442422A7C85000F3396F /* LocationCacheManage.swift */; };
		02D7442C22A7FC2900F3396F /* RootViewController.swift in Sources */ = {isa = PBXBuildFile; fileRef = 02D7442B22A7FC2900F3396F /* RootViewController.swift */; };
		02D7442E22A9256000F3396F /* UserInfo.swift in Sources */ = {isa = PBXBuildFile; fileRef = 02D7442D22A9256000F3396F /* UserInfo.swift */; };
		02D7443222A925BE00F3396F /* UserInfoModel.swift in Sources */ = {isa = PBXBuildFile; fileRef = 02D7443022A925BD00F3396F /* UserInfoModel.swift */; };
		02D7443522A9272800F3396F /* UserTokenModel.swift in Sources */ = {isa = PBXBuildFile; fileRef = 02D7443422A9272800F3396F /* UserTokenModel.swift */; };
		02D7444122ADFF5400F3396F /* BDKeychainConfiguration.swift in Sources */ = {isa = PBXBuildFile; fileRef = 02D7443E22ADFF5400F3396F /* BDKeychainConfiguration.swift */; };
		02D7444222ADFF5400F3396F /* BDKeychianManage.swift in Sources */ = {isa = PBXBuildFile; fileRef = 02D7443F22ADFF5400F3396F /* BDKeychianManage.swift */; };
		02D7444322ADFF5400F3396F /* BDKeychianQuery.swift in Sources */ = {isa = PBXBuildFile; fileRef = 02D7444022ADFF5400F3396F /* BDKeychianQuery.swift */; };
		02D7444522ADFF9000F3396F /* LoginManage.swift in Sources */ = {isa = PBXBuildFile; fileRef = 02D7444422ADFF9000F3396F /* LoginManage.swift */; };
		02D7444722AE02D500F3396F /* LogoutManage.swift in Sources */ = {isa = PBXBuildFile; fileRef = 02D7444622AE02D500F3396F /* LogoutManage.swift */; };
		A9E6258A24EB93E61719EA2E /* Pods_LoginDemo.framework in Frameworks */ = {isa = PBXBuildFile; fileRef = C4A282062EF4D72D962D2702 /* Pods_LoginDemo.framework */; };
/* End PBXBuildFile section */

/* Begin PBXFileReference section */
		02D7440022A7660500F3396F /* LoginDemo.app */ = {isa = PBXFileReference; explicitFileType = wrapper.application; includeInIndex = 0; path = LoginDemo.app; sourceTree = BUILT_PRODUCTS_DIR; };
		02D7440322A7660500F3396F /* AppDelegate.swift */ = {isa = PBXFileReference; lastKnownFileType = sourcecode.swift; path = AppDelegate.swift; sourceTree = "<group>"; };
		02D7440522A7660500F3396F /* LoginViewController.swift */ = {isa = PBXFileReference; lastKnownFileType = sourcecode.swift; path = LoginViewController.swift; sourceTree = "<group>"; };
		02D7440822A7660500F3396F /* Base */ = {isa = PBXFileReference; lastKnownFileType = file.storyboard; name = Base; path = Base.lproj/Main.storyboard; sourceTree = "<group>"; };
		02D7440A22A7660600F3396F /* Assets.xcassets */ = {isa = PBXFileReference; lastKnownFileType = folder.assetcatalog; path = Assets.xcassets; sourceTree = "<group>"; };
		02D7440D22A7660600F3396F /* Base */ = {isa = PBXFileReference; lastKnownFileType = file.storyboard; name = Base; path = Base.lproj/LaunchScreen.storyboard; sourceTree = "<group>"; };
		02D7440F22A7660600F3396F /* Info.plist */ = {isa = PBXFileReference; lastKnownFileType = text.plist.xml; path = Info.plist; sourceTree = "<group>"; };
		02D7441522A7A29200F3396F /* AuthID.swift */ = {isa = PBXFileReference; lastKnownFileType = sourcecode.swift; path = AuthID.swift; sourceTree = "<group>"; };
		02D7442222A7C3FA00F3396F /* RSAHandler.swift */ = {isa = PBXFileReference; lastKnownFileType = sourcecode.swift; path = RSAHandler.swift; sourceTree = "<group>"; };
		02D7442422A7C85000F3396F /* LocationCacheManage.swift */ = {isa = PBXFileReference; lastKnownFileType = sourcecode.swift; path = LocationCacheManage.swift; sourceTree = "<group>"; };
		02D7442B22A7FC2900F3396F /* RootViewController.swift */ = {isa = PBXFileReference; lastKnownFileType = sourcecode.swift; path = RootViewController.swift; sourceTree = "<group>"; };
		02D7442D22A9256000F3396F /* UserInfo.swift */ = {isa = PBXFileReference; fileEncoding = 4; lastKnownFileType = sourcecode.swift; path = UserInfo.swift; sourceTree = "<group>"; };
		02D7443022A925BD00F3396F /* UserInfoModel.swift */ = {isa = PBXFileReference; fileEncoding = 4; lastKnownFileType = sourcecode.swift; path = UserInfoModel.swift; sourceTree = "<group>"; };
		02D7443422A9272800F3396F /* UserTokenModel.swift */ = {isa = PBXFileReference; fileEncoding = 4; lastKnownFileType = sourcecode.swift; path = UserTokenModel.swift; sourceTree = "<group>"; };
		02D7443E22ADFF5400F3396F /* BDKeychainConfiguration.swift */ = {isa = PBXFileReference; fileEncoding = 4; lastKnownFileType = sourcecode.swift; path = BDKeychainConfiguration.swift; sourceTree = "<group>"; };
		02D7443F22ADFF5400F3396F /* BDKeychianManage.swift */ = {isa = PBXFileReference; fileEncoding = 4; lastKnownFileType = sourcecode.swift; path = BDKeychianManage.swift; sourceTree = "<group>"; };
		02D7444022ADFF5400F3396F /* BDKeychianQuery.swift */ = {isa = PBXFileReference; fileEncoding = 4; lastKnownFileType = sourcecode.swift; path = BDKeychianQuery.swift; sourceTree = "<group>"; };
		02D7444422ADFF9000F3396F /* LoginManage.swift */ = {isa = PBXFileReference; lastKnownFileType = sourcecode.swift; path = LoginManage.swift; sourceTree = "<group>"; };
		02D7444622AE02D500F3396F /* LogoutManage.swift */ = {isa = PBXFileReference; lastKnownFileType = sourcecode.swift; path = LogoutManage.swift; sourceTree = "<group>"; };
		02D7444822AE379500F3396F /* LoginDemo.entitlements */ = {isa = PBXFileReference; lastKnownFileType = text.plist.entitlements; path = LoginDemo.entitlements; sourceTree = "<group>"; };
		4362FE885DC8EC20EB31BF9D /* Pods-LoginDemo.debug.xcconfig */ = {isa = PBXFileReference; includeInIndex = 1; lastKnownFileType = text.xcconfig; name = "Pods-LoginDemo.debug.xcconfig"; path = "Target Support Files/Pods-LoginDemo/Pods-LoginDemo.debug.xcconfig"; sourceTree = "<group>"; };
		8EF43A57E09054D8299776B8 /* Pods-LoginDemo.release.xcconfig */ = {isa = PBXFileReference; includeInIndex = 1; lastKnownFileType = text.xcconfig; name = "Pods-LoginDemo.release.xcconfig"; path = "Target Support Files/Pods-LoginDemo/Pods-LoginDemo.release.xcconfig"; sourceTree = "<group>"; };
		C4A282062EF4D72D962D2702 /* Pods_LoginDemo.framework */ = {isa = PBXFileReference; explicitFileType = wrapper.framework; includeInIndex = 0; path = Pods_LoginDemo.framework; sourceTree = BUILT_PRODUCTS_DIR; };
/* End PBXFileReference section */

/* Begin PBXFrameworksBuildPhase section */
		02D743FD22A7660500F3396F /* Frameworks */ = {
			isa = PBXFrameworksBuildPhase;
			buildActionMask = 2147483647;
			files = (
				A9E6258A24EB93E61719EA2E /* Pods_LoginDemo.framework in Frameworks */,
			);
			runOnlyForDeploymentPostprocessing = 0;
		};
/* End PBXFrameworksBuildPhase section */

/* Begin PBXGroup section */
		02D743F722A7660500F3396F = {
			isa = PBXGroup;
			children = (
				02D7440222A7660500F3396F /* LoginDemo */,
				02D7440122A7660500F3396F /* Products */,
				C8D3669B4165BBBBC1BC39D6 /* Pods */,
				362F7A9F20F1FA18FCA34ED0 /* Frameworks */,
			);
			sourceTree = "<group>";
		};
		02D7440122A7660500F3396F /* Products */ = {
			isa = PBXGroup;
			children = (
				02D7440022A7660500F3396F /* LoginDemo.app */,
			);
			name = Products;
			sourceTree = "<group>";
		};
		02D7440222A7660500F3396F /* LoginDemo */ = {
			isa = PBXGroup;
			children = (
				02D7444822AE379500F3396F /* LoginDemo.entitlements */,
				02D7442F22A9256500F3396F /* Register */,
				02D7440322A7660500F3396F /* AppDelegate.swift */,
				02D7440522A7660500F3396F /* LoginViewController.swift */,
				02D7442B22A7FC2900F3396F /* RootViewController.swift */,
				02D7440722A7660500F3396F /* Main.storyboard */,
				02D7440A22A7660600F3396F /* Assets.xcassets */,
				02D7440C22A7660600F3396F /* LaunchScreen.storyboard */,
				02D7440F22A7660600F3396F /* Info.plist */,
			);
			path = LoginDemo;
			sourceTree = "<group>";
		};
		02D7442622A7CD5800F3396F /* tools */ = {
			isa = PBXGroup;
			children = (
				02D7443D22ADFF5400F3396F /* keychian */,
				02D7441522A7A29200F3396F /* AuthID.swift */,
				02D7442222A7C3FA00F3396F /* RSAHandler.swift */,
				02D7442422A7C85000F3396F /* LocationCacheManage.swift */,
			);
			path = tools;
			sourceTree = "<group>";
		};
		02D7442F22A9256500F3396F /* Register */ = {
			isa = PBXGroup;
			children = (
				02D7442622A7CD5800F3396F /* tools */,
				02D7442D22A9256000F3396F /* UserInfo.swift */,
				02D7443422A9272800F3396F /* UserTokenModel.swift */,
				02D7443022A925BD00F3396F /* UserInfoModel.swift */,
				02D7444422ADFF9000F3396F /* LoginManage.swift */,
				02D7444622AE02D500F3396F /* LogoutManage.swift */,
			);
			path = Register;
			sourceTree = "<group>";
		};
		02D7443D22ADFF5400F3396F /* keychian */ = {
			isa = PBXGroup;
			children = (
				02D7443E22ADFF5400F3396F /* BDKeychainConfiguration.swift */,
				02D7443F22ADFF5400F3396F /* BDKeychianManage.swift */,
				02D7444022ADFF5400F3396F /* BDKeychianQuery.swift */,
			);
			path = keychian;
			sourceTree = "<group>";
		};
		362F7A9F20F1FA18FCA34ED0 /* Frameworks */ = {
			isa = PBXGroup;
			children = (
				C4A282062EF4D72D962D2702 /* Pods_LoginDemo.framework */,
			);
			name = Frameworks;
			sourceTree = "<group>";
		};
		C8D3669B4165BBBBC1BC39D6 /* Pods */ = {
			isa = PBXGroup;
			children = (
				4362FE885DC8EC20EB31BF9D /* Pods-LoginDemo.debug.xcconfig */,
				8EF43A57E09054D8299776B8 /* Pods-LoginDemo.release.xcconfig */,
			);
			path = Pods;
			sourceTree = "<group>";
		};
/* End PBXGroup section */

/* Begin PBXNativeTarget section */
		02D743FF22A7660500F3396F /* LoginDemo */ = {
			isa = PBXNativeTarget;
			buildConfigurationList = 02D7441222A7660600F3396F /* Build configuration list for PBXNativeTarget "LoginDemo" */;
			buildPhases = (
				AA43858055FA4C6A5797BB4B /* [CP] Check Pods Manifest.lock */,
				02D743FC22A7660500F3396F /* Sources */,
				02D743FD22A7660500F3396F /* Frameworks */,
				02D743FE22A7660500F3396F /* Resources */,
				6AF1E80042C194392D99AEE3 /* [CP] Embed Pods Frameworks */,
			);
			buildRules = (
			);
			dependencies = (
			);
			name = LoginDemo;
			productName = LoginDemo;
			productReference = 02D7440022A7660500F3396F /* LoginDemo.app */;
			productType = "com.apple.product-type.application";
		};
/* End PBXNativeTarget section */

/* Begin PBXProject section */
		02D743F822A7660500F3396F /* Project object */ = {
			isa = PBXProject;
			attributes = {
				LastSwiftUpdateCheck = 1010;
				LastUpgradeCheck = 1010;
				ORGANIZATIONNAME = "刘恒";
				TargetAttributes = {
					02D743FF22A7660500F3396F = {
						CreatedOnToolsVersion = 10.1;
						SystemCapabilities = {
							com.apple.Keychain = {
								enabled = 1;
							};
						};
					};
				};
			};
			buildConfigurationList = 02D743FB22A7660500F3396F /* Build configuration list for PBXProject "LoginDemo" */;
			compatibilityVersion = "Xcode 9.3";
			developmentRegion = en;
			hasScannedForEncodings = 0;
			knownRegions = (
				en,
				Base,
			);
			mainGroup = 02D743F722A7660500F3396F;
			productRefGroup = 02D7440122A7660500F3396F /* Products */;
			projectDirPath = "";
			projectRoot = "";
			targets = (
				02D743FF22A7660500F3396F /* LoginDemo */,
			);
		};
/* End PBXProject section */

/* Begin PBXResourcesBuildPhase section */
		02D743FE22A7660500F3396F /* Resources */ = {
			isa = PBXResourcesBuildPhase;
			buildActionMask = 2147483647;
			files = (
				02D7440E22A7660600F3396F /* LaunchScreen.storyboard in Resources */,
				02D7440B22A7660600F3396F /* Assets.xcassets in Resources */,
				02D7440922A7660500F3396F /* Main.storyboard in Resources */,
			);
			runOnlyForDeploymentPostprocessing = 0;
		};
/* End PBXResourcesBuildPhase section */

/* Begin PBXShellScriptBuildPhase section */
		6AF1E80042C194392D99AEE3 /* [CP] Embed Pods Frameworks */ = {
			isa = PBXShellScriptBuildPhase;
			buildActionMask = 2147483647;
			files = (
			);
			inputFileListPaths = (
			);
			inputPaths = (
				"${PODS_ROOT}/Target Support Files/Pods-LoginDemo/Pods-LoginDemo-frameworks.sh",
				"${BUILT_PRODUCTS_DIR}/SwiftyRSA/SwiftyRSA.framework",
			);
			name = "[CP] Embed Pods Frameworks";
			outputFileListPaths = (
			);
			outputPaths = (
				"${TARGET_BUILD_DIR}/${FRAMEWORKS_FOLDER_PATH}/SwiftyRSA.framework",
			);
			runOnlyForDeploymentPostprocessing = 0;
			shellPath = /bin/sh;
			shellScript = "\"${PODS_ROOT}/Target Support Files/Pods-LoginDemo/Pods-LoginDemo-frameworks.sh\"\n";
			showEnvVarsInLog = 0;
		};
		AA43858055FA4C6A5797BB4B /* [CP] Check Pods Manifest.lock */ = {
			isa = PBXShellScriptBuildPhase;
			buildActionMask = 2147483647;
			files = (
			);
			inputFileListPaths = (
			);
			inputPaths = (
				"${PODS_PODFILE_DIR_PATH}/Podfile.lock",
				"${PODS_ROOT}/Manifest.lock",
			);
			name = "[CP] Check Pods Manifest.lock";
			outputFileListPaths = (
			);
			outputPaths = (
				"$(DERIVED_FILE_DIR)/Pods-LoginDemo-checkManifestLockResult.txt",
			);
			runOnlyForDeploymentPostprocessing = 0;
			shellPath = /bin/sh;
			shellScript = "diff \"${PODS_PODFILE_DIR_PATH}/Podfile.lock\" \"${PODS_ROOT}/Manifest.lock\" > /dev/null\nif [ $? != 0 ] ; then\n    # print error to STDERR\n    echo \"error: The sandbox is not in sync with the Podfile.lock. Run 'pod install' or update your CocoaPods installation.\" >&2\n    exit 1\nfi\n# This output is used by Xcode 'outputs' to avoid re-running this script phase.\necho \"SUCCESS\" > \"${SCRIPT_OUTPUT_FILE_0}\"\n";
			showEnvVarsInLog = 0;
		};
/* End PBXShellScriptBuildPhase section */

/* Begin PBXSourcesBuildPhase section */
		02D743FC22A7660500F3396F /* Sources */ = {
			isa = PBXSourcesBuildPhase;
			buildActionMask = 2147483647;
			files = (
				02D7444322ADFF5400F3396F /* BDKeychianQuery.swift in Sources */,
				02D7444122ADFF5400F3396F /* BDKeychainConfiguration.swift in Sources */,
				02D7444522ADFF9000F3396F /* LoginManage.swift in Sources */,
				02D7442322A7C3FA00F3396F /* RSAHandler.swift in Sources */,
				02D7442522A7C85000F3396F /* LocationCacheManage.swift in Sources */,
				02D7443222A925BE00F3396F /* UserInfoModel.swift in Sources */,
				02D7442C22A7FC2900F3396F /* RootViewController.swift in Sources */,
				02D7443522A9272800F3396F /* UserTokenModel.swift in Sources */,
				02D7441622A7A29200F3396F /* AuthID.swift in Sources */,
				02D7444222ADFF5400F3396F /* BDKeychianManage.swift in Sources */,
				02D7444722AE02D500F3396F /* LogoutManage.swift in Sources */,
				02D7440622A7660500F3396F /* LoginViewController.swift in Sources */,
				02D7440422A7660500F3396F /* AppDelegate.swift in Sources */,
				02D7442E22A9256000F3396F /* UserInfo.swift in Sources */,
			);
			runOnlyForDeploymentPostprocessing = 0;
		};
/* End PBXSourcesBuildPhase section */

/* Begin PBXVariantGroup section */
		02D7440722A7660500F3396F /* Main.storyboard */ = {
			isa = PBXVariantGroup;
			children = (
				02D7440822A7660500F3396F /* Base */,
			);
			name = Main.storyboard;
			sourceTree = "<group>";
		};
		02D7440C22A7660600F3396F /* LaunchScreen.storyboard */ = {
			isa = PBXVariantGroup;
			children = (
				02D7440D22A7660600F3396F /* Base */,
			);
			name = LaunchScreen.storyboard;
			sourceTree = "<group>";
		};
/* End PBXVariantGroup section */

/* Begin XCBuildConfiguration section */
		02D7441022A7660600F3396F /* Debug */ = {
			isa = XCBuildConfiguration;
			buildSettings = {
				ALWAYS_SEARCH_USER_PATHS = NO;
				CLANG_ANALYZER_NONNULL = YES;
				CLANG_ANALYZER_NUMBER_OBJECT_CONVERSION = YES_AGGRESSIVE;
				CLANG_CXX_LANGUAGE_STANDARD = "gnu++14";
				CLANG_CXX_LIBRARY = "libc++";
				CLANG_ENABLE_MODULES = YES;
				CLANG_ENABLE_OBJC_ARC = YES;
				CLANG_ENABLE_OBJC_WEAK = YES;
				CLANG_WARN_BLOCK_CAPTURE_AUTORELEASING = YES;
				CLANG_WARN_BOOL_CONVERSION = YES;
				CLANG_WARN_COMMA = YES;
				CLANG_WARN_CONSTANT_CONVERSION = YES;
				CLANG_WARN_DEPRECATED_OBJC_IMPLEMENTATIONS = YES;
				CLANG_WARN_DIRECT_OBJC_ISA_USAGE = YES_ERROR;
				CLANG_WARN_DOCUMENTATION_COMMENTS = YES;
				CLANG_WARN_EMPTY_BODY = YES;
				CLANG_WARN_ENUM_CONVERSION = YES;
				CLANG_WARN_INFINITE_RECURSION = YES;
				CLANG_WARN_INT_CONVERSION = YES;
				CLANG_WARN_NON_LITERAL_NULL_CONVERSION = YES;
				CLANG_WARN_OBJC_IMPLICIT_RETAIN_SELF = YES;
				CLANG_WARN_OBJC_LITERAL_CONVERSION = YES;
				CLANG_WARN_OBJC_ROOT_CLASS = YES_ERROR;
				CLANG_WARN_RANGE_LOOP_ANALYSIS = YES;
				CLANG_WARN_STRICT_PROTOTYPES = YES;
				CLANG_WARN_SUSPICIOUS_MOVE = YES;
				CLANG_WARN_UNGUARDED_AVAILABILITY = YES_AGGRESSIVE;
				CLANG_WARN_UNREACHABLE_CODE = YES;
				CLANG_WARN__DUPLICATE_METHOD_MATCH = YES;
				CODE_SIGN_IDENTITY = "iPhone Developer";
				COPY_PHASE_STRIP = NO;
				DEBUG_INFORMATION_FORMAT = dwarf;
				ENABLE_STRICT_OBJC_MSGSEND = YES;
				ENABLE_TESTABILITY = YES;
				GCC_C_LANGUAGE_STANDARD = gnu11;
				GCC_DYNAMIC_NO_PIC = NO;
				GCC_NO_COMMON_BLOCKS = YES;
				GCC_OPTIMIZATION_LEVEL = 0;
				GCC_PREPROCESSOR_DEFINITIONS = (
					"DEBUG=1",
					"$(inherited)",
				);
				GCC_WARN_64_TO_32_BIT_CONVERSION = YES;
				GCC_WARN_ABOUT_RETURN_TYPE = YES_ERROR;
				GCC_WARN_UNDECLARED_SELECTOR = YES;
				GCC_WARN_UNINITIALIZED_AUTOS = YES_AGGRESSIVE;
				GCC_WARN_UNUSED_FUNCTION = YES;
				GCC_WARN_UNUSED_VARIABLE = YES;
				IPHONEOS_DEPLOYMENT_TARGET = 12.1;
				MTL_ENABLE_DEBUG_INFO = INCLUDE_SOURCE;
				MTL_FAST_MATH = YES;
				ONLY_ACTIVE_ARCH = YES;
				SDKROOT = iphoneos;
				SWIFT_ACTIVE_COMPILATION_CONDITIONS = DEBUG;
				SWIFT_OPTIMIZATION_LEVEL = "-Onone";
			};
			name = Debug;
		};
		02D7441122A7660600F3396F /* Release */ = {
			isa = XCBuildConfiguration;
			buildSettings = {
				ALWAYS_SEARCH_USER_PATHS = NO;
				CLANG_ANALYZER_NONNULL = YES;
				CLANG_ANALYZER_NUMBER_OBJECT_CONVERSION = YES_AGGRESSIVE;
				CLANG_CXX_LANGUAGE_STANDARD = "gnu++14";
				CLANG_CXX_LIBRARY = "libc++";
				CLANG_ENABLE_MODULES = YES;
				CLANG_ENABLE_OBJC_ARC = YES;
				CLANG_ENABLE_OBJC_WEAK = YES;
				CLANG_WARN_BLOCK_CAPTURE_AUTORELEASING = YES;
				CLANG_WARN_BOOL_CONVERSION = YES;
				CLANG_WARN_COMMA = YES;
				CLANG_WARN_CONSTANT_CONVERSION = YES;
				CLANG_WARN_DEPRECATED_OBJC_IMPLEMENTATIONS = YES;
				CLANG_WARN_DIRECT_OBJC_ISA_USAGE = YES_ERROR;
				CLANG_WARN_DOCUMENTATION_COMMENTS = YES;
				CLANG_WARN_EMPTY_BODY = YES;
				CLANG_WARN_ENUM_CONVERSION = YES;
				CLANG_WARN_INFINITE_RECURSION = YES;
				CLANG_WARN_INT_CONVERSION = YES;
				CLANG_WARN_NON_LITERAL_NULL_CONVERSION = YES;
				CLANG_WARN_OBJC_IMPLICIT_RETAIN_SELF = YES;
				CLANG_WARN_OBJC_LITERAL_CONVERSION = YES;
				CLANG_WARN_OBJC_ROOT_CLASS = YES_ERROR;
				CLANG_WARN_RANGE_LOOP_ANALYSIS = YES;
				CLANG_WARN_STRICT_PROTOTYPES = YES;
				CLANG_WARN_SUSPICIOUS_MOVE = YES;
				CLANG_WARN_UNGUARDED_AVAILABILITY = YES_AGGRESSIVE;
				CLANG_WARN_UNREACHABLE_CODE = YES;
				CLANG_WARN__DUPLICATE_METHOD_MATCH = YES;
				CODE_SIGN_IDENTITY = "iPhone Developer";
				COPY_PHASE_STRIP = NO;
				DEBUG_INFORMATION_FORMAT = "dwarf-with-dsym";
				ENABLE_NS_ASSERTIONS = NO;
				ENABLE_STRICT_OBJC_MSGSEND = YES;
				GCC_C_LANGUAGE_STANDARD = gnu11;
				GCC_NO_COMMON_BLOCKS = YES;
				GCC_WARN_64_TO_32_BIT_CONVERSION = YES;
				GCC_WARN_ABOUT_RETURN_TYPE = YES_ERROR;
				GCC_WARN_UNDECLARED_SELECTOR = YES;
				GCC_WARN_UNINITIALIZED_AUTOS = YES_AGGRESSIVE;
				GCC_WARN_UNUSED_FUNCTION = YES;
				GCC_WARN_UNUSED_VARIABLE = YES;
				IPHONEOS_DEPLOYMENT_TARGET = 12.1;
				MTL_ENABLE_DEBUG_INFO = NO;
				MTL_FAST_MATH = YES;
				SDKROOT = iphoneos;
				SWIFT_COMPILATION_MODE = wholemodule;
				SWIFT_OPTIMIZATION_LEVEL = "-O";
				VALIDATE_PRODUCT = YES;
			};
			name = Release;
		};
		02D7441322A7660600F3396F /* Debug */ = {
			isa = XCBuildConfiguration;
			baseConfigurationReference = 4362FE885DC8EC20EB31BF9D /* Pods-LoginDemo.debug.xcconfig */;
			buildSettings = {
				ASSETCATALOG_COMPILER_APPICON_NAME = AppIcon;
				CODE_SIGN_ENTITLEMENTS = LoginDemo/LoginDemo.entitlements;
				CODE_SIGN_STYLE = Automatic;
				DEVELOPMENT_TEAM = 4J3V9M76HP;
				INFOPLIST_FILE = LoginDemo/Info.plist;
				IPHONEOS_DEPLOYMENT_TARGET = 9.0;
				LD_RUNPATH_SEARCH_PATHS = (
					"$(inherited)",
					"@executable_path/Frameworks",
				);
				PRODUCT_BUNDLE_IDENTIFIER = "aa-test.LoginDemo";
				PRODUCT_NAME = "$(TARGET_NAME)";
				SWIFT_VERSION = 4.2;
				TARGETED_DEVICE_FAMILY = "1,2";
			};
			name = Debug;
		};
		02D7441422A7660600F3396F /* Release */ = {
			isa = XCBuildConfiguration;
			baseConfigurationReference = 8EF43A57E09054D8299776B8 /* Pods-LoginDemo.release.xcconfig */;
			buildSettings = {
				ASSETCATALOG_COMPILER_APPICON_NAME = AppIcon;
				CODE_SIGN_ENTITLEMENTS = LoginDemo/LoginDemo.entitlements;
				CODE_SIGN_STYLE = Automatic;
				DEVELOPMENT_TEAM = 4J3V9M76HP;
				INFOPLIST_FILE = LoginDemo/Info.plist;
				IPHONEOS_DEPLOYMENT_TARGET = 9.0;
				LD_RUNPATH_SEARCH_PATHS = (
					"$(inherited)",
					"@executable_path/Frameworks",
				);
				PRODUCT_BUNDLE_IDENTIFIER = "aa-test.LoginDemo";
				PRODUCT_NAME = "$(TARGET_NAME)";
				SWIFT_VERSION = 4.2;
				TARGETED_DEVICE_FAMILY = "1,2";
			};
			name = Release;
		};
/* End XCBuildConfiguration section */

/* Begin XCConfigurationList section */
		02D743FB22A7660500F3396F /* Build configuration list for PBXProject "LoginDemo" */ = {
			isa = XCConfigurationList;
			buildConfigurations = (
				02D7441022A7660600F3396F /* Debug */,
				02D7441122A7660600F3396F /* Release */,
			);
			defaultConfigurationIsVisible = 0;
			defaultConfigurationName = Release;
		};
		02D7441222A7660600F3396F /* Build configuration list for PBXNativeTarget "LoginDemo" */ = {
			isa = XCConfigurationList;
			buildConfigurations = (
				02D7441322A7660600F3396F /* Debug */,
				02D7441422A7660600F3396F /* Release */,
			);
			defaultConfigurationIsVisible = 0;
			defaultConfigurationName = Release;
		};
/* End XCConfigurationList section */
	};
	rootObject = 02D743F822A7660500F3396F /* Project object */;
}
